
Microsoft Visual Studio Solution File, Format Version 12.00
Project("{FAE04EC0-301F-11D3-BF4B-00C04F79EFBC}") = "MyNotepad", "MyNotepad\MyNotepad.csproj", "{D93B2FB0-060E-4C52-B99C-55D9845EECE4}"
EndProject
Global
	GlobalSection(SolutionConfigurationPlatforms) = preSolution
		Debug|Any CPU = Debug|Any CPU
		Release|Any CPU = Release|Any CPU
	EndGlobalSection
	GlobalSection(ProjectConfigurationPlatforms) = postSolution
		{D93B2FB0-060E-4C52-B99C-55D9845EECE4}.Debug|Any CPU.ActiveCfg = Debug|Any CPU
		{D93B2FB0-060E-4C52-B99C-55D9845EECE4}.Debug|Any CPU.Build.0 = Debug|Any CPU
		{D93B2FB0-060E-4C52-B99C-55D9845EECE4}.Release|Any CPU.ActiveCfg = Release|Any CPU
		{D93B2FB0-060E-4C52-B99C-55D9845EECE4}.Release|Any CPU.Build.0 = Release|Any CPU
	EndGlobalSection
EndGlobal
